
Microsoft Visual Studio Solution File, Format Version 12.00
Project("{FAE04EC0-301F-11D3-BF4B-00C04F79EFBC}") = "AssemblyUnhollower", "AssemblyUnhollower\AssemblyUnhollower.csproj", "{7C3FD45B-A563-47AF-90DF-8B051A8C33A0}"
EndProject
Project("{FAE04EC0-301F-11D3-BF4B-00C04F79EFBC}") = "UnhollowerBaseLib", "UnhollowerBaseLib\UnhollowerBaseLib.csproj", "{F6405B5F-9162-49EA-9C8A-CE1AA0916CF3}"
EndProject
Project("{2150E333-8FDC-42A3-9474-1A3956D46DE8}") = "Solution Items", "Solution Items", "{463B7E3B-94E8-4EEB-B54A-EF15AD9C7C7E}"
ProjectSection(SolutionItems) = preProject
	.gitignore = .gitignore
	README.md = README.md
EndProjectSection
EndProject
Project("{FAE04EC0-301F-11D3-BF4B-00C04F79EFBC}") = "UnhollowerRuntimeLib", "UnhollowerRuntimeLib\UnhollowerRuntimeLib.csproj", "{7B7E5024-385D-4A46-9196-A6AF8F7FBDD5}"
EndProject
Global
	GlobalSection(SolutionConfigurationPlatforms) = preSolution
		Debug|Any CPU = Debug|Any CPU
		Release|Any CPU = Release|Any CPU
	EndGlobalSection
	GlobalSection(ProjectConfigurationPlatforms) = postSolution
		{7C3FD45B-A563-47AF-90DF-8B051A8C33A0}.Debug|Any CPU.ActiveCfg = Debug|Any CPU
		{7C3FD45B-A563-47AF-90DF-8B051A8C33A0}.Debug|Any CPU.Build.0 = Debug|Any CPU
		{7C3FD45B-A563-47AF-90DF-8B051A8C33A0}.Release|Any CPU.ActiveCfg = Release|Any CPU
		{7C3FD45B-A563-47AF-90DF-8B051A8C33A0}.Release|Any CPU.Build.0 = Release|Any CPU
		{F6405B5F-9162-49EA-9C8A-CE1AA0916CF3}.Debug|Any CPU.ActiveCfg = Debug|Any CPU
		{F6405B5F-9162-49EA-9C8A-CE1AA0916CF3}.Debug|Any CPU.Build.0 = Debug|Any CPU
		{F6405B5F-9162-49EA-9C8A-CE1AA0916CF3}.Release|Any CPU.ActiveCfg = Release|Any CPU
		{F6405B5F-9162-49EA-9C8A-CE1AA0916CF3}.Release|Any CPU.Build.0 = Release|Any CPU
		{7B7E5024-385D-4A46-9196-A6AF8F7FBDD5}.Debug|Any CPU.ActiveCfg = Debug|Any CPU
		{7B7E5024-385D-4A46-9196-A6AF8F7FBDD5}.Debug|Any CPU.Build.0 = Debug|Any CPU
		{7B7E5024-385D-4A46-9196-A6AF8F7FBDD5}.Release|Any CPU.ActiveCfg = Release|Any CPU
		{7B7E5024-385D-4A46-9196-A6AF8F7FBDD5}.Release|Any CPU.Build.0 = Release|Any CPU
	EndGlobalSection
EndGlobal
