
Microsoft Visual Studio Solution File, Format Version 12.00
# Visual Studio Version 16
VisualStudioVersion = 16.0.31402.337
MinimumVisualStudioVersion = 10.0.40219.1
Project("{9A19103F-16F7-4668-BE54-9A1E7A4F7556}") = "AssemblyUnhollower", "AssemblyUnhollower\AssemblyUnhollower.csproj", "{7C3FD45B-A563-47AF-90DF-8B051A8C33A0}"
EndProject
Project("{9A19103F-16F7-4668-BE54-9A1E7A4F7556}") = "UnhollowerBaseLib", "UnhollowerBaseLib\UnhollowerBaseLib.csproj", "{F6405B5F-9162-49EA-9C8A-CE1AA0916CF3}"
EndProject
Project("{2150E333-8FDC-42A3-9474-1A3956D46DE8}") = "Solution Items", "Solution Items", "{463B7E3B-94E8-4EEB-B54A-EF15AD9C7C7E}"
	ProjectSection(SolutionItems) = preProject
		.gitignore = .gitignore
		.github\workflows\dotnet.yml = .github\workflows\dotnet.yml
		README.md = README.md
		ReleaseChangelog.md = ReleaseChangelog.md
	EndProjectSection
EndProject
Project("{9A19103F-16F7-4668-BE54-9A1E7A4F7556}") = "UnhollowerRuntimeLib", "UnhollowerRuntimeLib\UnhollowerRuntimeLib.csproj", "{7B7E5024-385D-4A46-9196-A6AF8F7FBDD5}"
EndProject
Project("{2150E333-8FDC-42A3-9474-1A3956D46DE8}") = "Documentation", "Documentation", "{99E71726-78FB-4376-89DA-90E5C08F5CD4}"
	ProjectSection(SolutionItems) = preProject
		Documentation\Class-Injection.md = Documentation\Class-Injection.md
		Documentation\Command-Line-Usage.md = Documentation\Command-Line-Usage.md
		Documentation\Common-Problems.md = Documentation\Common-Problems.md
		Documentation\Injected-Components-In-Asset-Bundles.md = Documentation\Injected-Components-In-Asset-Bundles.md
	EndProjectSection
EndProject
Global
	GlobalSection(SolutionConfigurationPlatforms) = preSolution
		Debug|Any CPU = Debug|Any CPU
		Release|Any CPU = Release|Any CPU
	EndGlobalSection
	GlobalSection(ProjectConfigurationPlatforms) = postSolution
		{7C3FD45B-A563-47AF-90DF-8B051A8C33A0}.Debug|Any CPU.ActiveCfg = Debug|Any CPU
		{7C3FD45B-A563-47AF-90DF-8B051A8C33A0}.Debug|Any CPU.Build.0 = Debug|Any CPU
		{7C3FD45B-A563-47AF-90DF-8B051A8C33A0}.Release|Any CPU.ActiveCfg = Release|Any CPU
		{7C3FD45B-A563-47AF-90DF-8B051A8C33A0}.Release|Any CPU.Build.0 = Release|Any CPU
		{F6405B5F-9162-49EA-9C8A-CE1AA0916CF3}.Debug|Any CPU.ActiveCfg = Debug|Any CPU
		{F6405B5F-9162-49EA-9C8A-CE1AA0916CF3}.Debug|Any CPU.Build.0 = Debug|Any CPU
		{F6405B5F-9162-49EA-9C8A-CE1AA0916CF3}.Release|Any CPU.ActiveCfg = Release|Any CPU
		{F6405B5F-9162-49EA-9C8A-CE1AA0916CF3}.Release|Any CPU.Build.0 = Release|Any CPU
		{7B7E5024-385D-4A46-9196-A6AF8F7FBDD5}.Debug|Any CPU.ActiveCfg = Debug|Any CPU
		{7B7E5024-385D-4A46-9196-A6AF8F7FBDD5}.Debug|Any CPU.Build.0 = Debug|Any CPU
		{7B7E5024-385D-4A46-9196-A6AF8F7FBDD5}.Release|Any CPU.ActiveCfg = Release|Any CPU
		{7B7E5024-385D-4A46-9196-A6AF8F7FBDD5}.Release|Any CPU.Build.0 = Release|Any CPU
	EndGlobalSection
	GlobalSection(SolutionProperties) = preSolution
		HideSolutionNode = FALSE
	EndGlobalSection
	GlobalSection(NestedProjects) = preSolution
		{99E71726-78FB-4376-89DA-90E5C08F5CD4} = {463B7E3B-94E8-4EEB-B54A-EF15AD9C7C7E}
	EndGlobalSection
	GlobalSection(ExtensibilityGlobals) = postSolution
		SolutionGuid = {CA7C3EAB-EDE4-4DB0-BEEF-9E74940B2978}
	EndGlobalSection
EndGlobal
